// !$*UTF8*$!
{
	archiveVersion = 1;
	classes = {
	};
	objectVersion = 56;
	objects = {

/* Begin PBXBuildFile section */
		B5E9BFF22AE59AA8007FFCBE /* AppDelegate.swift in Sources */ = {isa = PBXBuildFile; fileRef = B5E9BFF12AE59AA8007FFCBE /* AppDelegate.swift */; };
		B5E9BFF42AE59AA8007FFCBE /* SceneDelegate.swift in Sources */ = {isa = PBXBuildFile; fileRef = B5E9BFF32AE59AA8007FFCBE /* SceneDelegate.swift */; };
		B5E9BFF62AE59AA8007FFCBE /* ViewController.swift in Sources */ = {isa = PBXBuildFile; fileRef = B5E9BFF52AE59AA8007FFCBE /* ViewController.swift */; };
		B5E9BFF92AE59AA8007FFCBE /* Main.storyboard in Resources */ = {isa = PBXBuildFile; fileRef = B5E9BFF72AE59AA8007FFCBE /* Main.storyboard */; };
		B5E9BFFB2AE59AAA007FFCBE /* Assets.xcassets in Resources */ = {isa = PBXBuildFile; fileRef = B5E9BFFA2AE59AAA007FFCBE /* Assets.xcassets */; };
		B5E9BFFE2AE59AAA007FFCBE /* LaunchScreen.storyboard in Resources */ = {isa = PBXBuildFile; fileRef = B5E9BFFC2AE59AAA007FFCBE /* LaunchScreen.storyboard */; };
/* End PBXBuildFile section */

/* Begin PBXFileReference section */
		B5E9BFEE2AE59AA8007FFCBE /* Assignment-11-iOS14.app */ = {isa = PBXFileReference; explicitFileType = wrapper.application; includeInIndex = 0; path = "Assignment-11-iOS14.app"; sourceTree = BUILT_PRODUCTS_DIR; };
		B5E9BFF12AE59AA8007FFCBE /* AppDelegate.swift */ = {isa = PBXFileReference; lastKnownFileType = sourcecode.swift; path = AppDelegate.swift; sourceTree = "<group>"; };
		B5E9BFF32AE59AA8007FFCBE /* SceneDelegate.swift */ = {isa = PBXFileReference; lastKnownFileType = sourcecode.swift; path = SceneDelegate.swift; sourceTree = "<group>"; };
		B5E9BFF52AE59AA8007FFCBE /* ViewController.swift */ = {isa = PBXFileReference; lastKnownFileType = sourcecode.swift; path = ViewController.swift; sourceTree = "<group>"; };
		B5E9BFF82AE59AA8007FFCBE /* Base */ = {isa = PBXFileReference; lastKnownFileType = file.storyboard; name = Base; path = Base.lproj/Main.storyboard; sourceTree = "<group>"; };
		B5E9BFFA2AE59AAA007FFCBE /* Assets.xcassets */ = {isa = PBXFileReference; lastKnownFileType = folder.assetcatalog; path = Assets.xcassets; sourceTree = "<group>"; };
		B5E9BFFD2AE59AAA007FFCBE /* Base */ = {isa = PBXFileReference; lastKnownFileType = file.storyboard; name = Base; path = Base.lproj/LaunchScreen.storyboard; sourceTree = "<group>"; };
		B5E9BFFF2AE59AAA007FFCBE /* Info.plist */ = {isa = PBXFileReference; lastKnownFileType = text.plist.xml; path = Info.plist; sourceTree = "<group>"; };
/* End PBXFileReference section */

/* Begin PBXFrameworksBuildPhase section */
		B5E9BFEB2AE59AA8007FFCBE /* Frameworks */ = {
			isa = PBXFrameworksBuildPhase;
			buildActionMask = 2147483647;
			files = (
			);
			runOnlyForDeploymentPostprocessing = 0;
		};
/* End PBXFrameworksBuildPhase section */

/* Begin PBXGroup section */
		B5E9BFE52AE59AA8007FFCBE = {
			isa = PBXGroup;
			children = (
				B5E9BFF02AE59AA8007FFCBE /* Assignment-11-iOS14 */,
				B5E9BFEF2AE59AA8007FFCBE /* Products */,
			);
			sourceTree = "<group>";
		};
		B5E9BFEF2AE59AA8007FFCBE /* Products */ = {
			isa = PBXGroup;
			children = (
				B5E9BFEE2AE59AA8007FFCBE /* Assignment-11-iOS14.app */,
			);
			name = Products;
			sourceTree = "<group>";
		};
		B5E9BFF02AE59AA8007FFCBE /* Assignment-11-iOS14 */ = {
			isa = PBXGroup;
			children = (
				B5E9BFF12AE59AA8007FFCBE /* AppDelegate.swift */,
				B5E9BFF32AE59AA8007FFCBE /* SceneDelegate.swift */,
				B5E9BFF52AE59AA8007FFCBE /* ViewController.swift */,
				B5E9BFF72AE59AA8007FFCBE /* Main.storyboard */,
				B5E9BFFA2AE59AAA007FFCBE /* Assets.xcassets */,
				B5E9BFFC2AE59AAA007FFCBE /* LaunchScreen.storyboard */,
				B5E9BFFF2AE59AAA007FFCBE /* Info.plist */,
			);
			path = "Assignment-11-iOS14";
			sourceTree = "<group>";
		};
/* End PBXGroup section */

/* Begin PBXNativeTarget section */
		B5E9BFED2AE59AA8007FFCBE /* Assignment-11-iOS14 */ = {
			isa = PBXNativeTarget;
			buildConfigurationList = B5E9C0022AE59AAA007FFCBE /* Build configuration list for PBXNativeTarget "Assignment-11-iOS14" */;
			buildPhases = (
				B5E9BFEA2AE59AA8007FFCBE /* Sources */,
				B5E9BFEB2AE59AA8007FFCBE /* Frameworks */,
				B5E9BFEC2AE59AA8007FFCBE /* Resources */,
			);
			buildRules = (
			);
			dependencies = (
			);
			name = "Assignment-11-iOS14";
			productName = "Assignment-11-iOS14";
			productReference = B5E9BFEE2AE59AA8007FFCBE /* Assignment-11-iOS14.app */;
			productType = "com.apple.product-type.application";
		};
/* End PBXNativeTarget section */

/* Begin PBXProject section */
		B5E9BFE62AE59AA8007FFCBE /* Project object */ = {
			isa = PBXProject;
			attributes = {
				BuildIndependentTargetsInParallel = 1;
				LastSwiftUpdateCheck = 1430;
				LastUpgradeCheck = 1430;
				TargetAttributes = {
					B5E9BFED2AE59AA8007FFCBE = {
						CreatedOnToolsVersion = 14.3.1;
					};
				};
			};
			buildConfigurationList = B5E9BFE92AE59AA8007FFCBE /* Build configuration list for PBXProject "Assignment-11-iOS14" */;
			compatibilityVersion = "Xcode 14.0";
			developmentRegion = en;
			hasScannedForEncodings = 0;
			knownRegions = (
				en,
				Base,
			);
			mainGroup = B5E9BFE52AE59AA8007FFCBE;
			productRefGroup = B5E9BFEF2AE59AA8007FFCBE /* Products */;
			projectDirPath = "";
			projectRoot = "";
			targets = (
				B5E9BFED2AE59AA8007FFCBE /* Assignment-11-iOS14 */,
			);
		};
/* End PBXProject section */

/* Begin PBXResourcesBuildPhase section */
		B5E9BFEC2AE59AA8007FFCBE /* Resources */ = {
			isa = PBXResourcesBuildPhase;
			buildActionMask = 2147483647;
			files = (
				B5E9BFFE2AE59AAA007FFCBE /* LaunchScreen.storyboard in Resources */,
				B5E9BFFB2AE59AAA007FFCBE /* Assets.xcassets in Resources */,
				B5E9BFF92AE59AA8007FFCBE /* Main.storyboard in Resources */,
			);
			runOnlyForDeploymentPostprocessing = 0;
		};
/* End PBXResourcesBuildPhase section */

/* Begin PBXSourcesBuildPhase section */
		B5E9BFEA2AE59AA8007FFCBE /* Sources */ = {
			isa = PBXSourcesBuildPhase;
			buildActionMask = 2147483647;
			files = (
				B5E9BFF62AE59AA8007FFCBE /* ViewController.swift in Sources */,
				B5E9BFF22AE59AA8007FFCBE /* AppDelegate.swift in Sources */,
				B5E9BFF42AE59AA8007FFCBE /* SceneDelegate.swift in Sources */,
			);
			runOnlyForDeploymentPostprocessing = 0;
		};
/* End PBXSourcesBuildPhase section */

/* Begin PBXVariantGroup section */
		B5E9BFF72AE59AA8007FFCBE /* Main.storyboard */ = {
			isa = PBXVariantGroup;
			children = (
				B5E9BFF82AE59AA8007FFCBE /* Base */,
			);
			name = Main.storyboard;
			sourceTree = "<group>";
		};
		B5E9BFFC2AE59AAA007FFCBE /* LaunchScreen.storyboard */ = {
			isa = PBXVariantGroup;
			children = (
				B5E9BFFD2AE59AAA007FFCBE /* Base */,
			);
			name = LaunchScreen.storyboard;
			sourceTree = "<group>";
		};
/* End PBXVariantGroup section */

/* Begin XCBuildConfiguration section */
		B5E9C0002AE59AAA007FFCBE /* Debug */ = {
			isa = XCBuildConfiguration;
			buildSettings = {
				ALWAYS_SEARCH_USER_PATHS = NO;
				CLANG_ANALYZER_NONNULL = YES;
				CLANG_ANALYZER_NUMBER_OBJECT_CONVERSION = YES_AGGRESSIVE;
				CLANG_CXX_LANGUAGE_STANDARD = "gnu++20";
				CLANG_ENABLE_MODULES = YES;
				CLANG_ENABLE_OBJC_ARC = YES;
				CLANG_ENABLE_OBJC_WEAK = YES;
				CLANG_WARN_BLOCK_CAPTURE_AUTORELEASING = YES;
				CLANG_WARN_BOOL_CONVERSION = YES;
				CLANG_WARN_COMMA = YES;
				CLANG_WARN_CONSTANT_CONVERSION = YES;
				CLANG_WARN_DEPRECATED_OBJC_IMPLEMENTATIONS = YES;
				CLANG_WARN_DIRECT_OBJC_ISA_USAGE = YES_ERROR;
				CLANG_WARN_DOCUMENTATION_COMMENTS = YES;
				CLANG_WARN_EMPTY_BODY = YES;
				CLANG_WARN_ENUM_CONVERSION = YES;
				CLANG_WARN_INFINITE_RECURSION = YES;
				CLANG_WARN_INT_CONVERSION = YES;
				CLANG_WARN_NON_LITERAL_NULL_CONVERSION = YES;
				CLANG_WARN_OBJC_IMPLICIT_RETAIN_SELF = YES;
				CLANG_WARN_OBJC_LITERAL_CONVERSION = YES;
				CLANG_WARN_OBJC_ROOT_CLASS = YES_ERROR;
				CLANG_WARN_QUOTED_INCLUDE_IN_FRAMEWORK_HEADER = YES;
				CLANG_WARN_RANGE_LOOP_ANALYSIS = YES;
				CLANG_WARN_STRICT_PROTOTYPES = YES;
				CLANG_WARN_SUSPICIOUS_MOVE = YES;
				CLANG_WARN_UNGUARDED_AVAILABILITY = YES_AGGRESSIVE;
				CLANG_WARN_UNREACHABLE_CODE = YES;
				CLANG_WARN__DUPLICATE_METHOD_MATCH = YES;
				COPY_PHASE_STRIP = NO;
				DEBUG_INFORMATION_FORMAT = dwarf;
				ENABLE_STRICT_OBJC_MSGSEND = YES;
				ENABLE_TESTABILITY = YES;
				GCC_C_LANGUAGE_STANDARD = gnu11;
				GCC_DYNAMIC_NO_PIC = NO;
				GCC_NO_COMMON_BLOCKS = YES;
				GCC_OPTIMIZATION_LEVEL = 0;
				GCC_PREPROCESSOR_DEFINITIONS = (
					"DEBUG=1",
					"$(inherited)",
				);
				GCC_WARN_64_TO_32_BIT_CONVERSION = YES;
				GCC_WARN_ABOUT_RETURN_TYPE = YES_ERROR;
				GCC_WARN_UNDECLARED_SELECTOR = YES;
				GCC_WARN_UNINITIALIZED_AUTOS = YES_AGGRESSIVE;
				GCC_WARN_UNUSED_FUNCTION = YES;
				GCC_WARN_UNUSED_VARIABLE = YES;
				IPHONEOS_DEPLOYMENT_TARGET = 16.4;
				MTL_ENABLE_DEBUG_INFO = INCLUDE_SOURCE;
				MTL_FAST_MATH = YES;
				ONLY_ACTIVE_ARCH = YES;
				SDKROOT = iphoneos;
				SWIFT_ACTIVE_COMPILATION_CONDITIONS = DEBUG;
				SWIFT_OPTIMIZATION_LEVEL = "-Onone";
			};
			name = Debug;
		};
		B5E9C0012AE59AAA007FFCBE /* Release */ = {
			isa = XCBuildConfiguration;
			buildSettings = {
				ALWAYS_SEARCH_USER_PATHS = NO;
				CLANG_ANALYZER_NONNULL = YES;
				CLANG_ANALYZER_NUMBER_OBJECT_CONVERSION = YES_AGGRESSIVE;
				CLANG_CXX_LANGUAGE_STANDARD = "gnu++20";
				CLANG_ENABLE_MODULES = YES;
				CLANG_ENABLE_OBJC_ARC = YES;
				CLANG_ENABLE_OBJC_WEAK = YES;
				CLANG_WARN_BLOCK_CAPTURE_AUTORELEASING = YES;
				CLANG_WARN_BOOL_CONVERSION = YES;
				CLANG_WARN_COMMA = YES;
				CLANG_WARN_CONSTANT_CONVERSION = YES;
				CLANG_WARN_DEPRECATED_OBJC_IMPLEMENTATIONS = YES;
				CLANG_WARN_DIRECT_OBJC_ISA_USAGE = YES_ERROR;
				CLANG_WARN_DOCUMENTATION_COMMENTS = YES;
				CLANG_WARN_EMPTY_BODY = YES;
				CLANG_WARN_ENUM_CONVERSION = YES;
				CLANG_WARN_INFINITE_RECURSION = YES;
				CLANG_WARN_INT_CONVERSION = YES;
				CLANG_WARN_NON_LITERAL_NULL_CONVERSION = YES;
				CLANG_WARN_OBJC_IMPLICIT_RETAIN_SELF = YES;
				CLANG_WARN_OBJC_LITERAL_CONVERSION = YES;
				CLANG_WARN_OBJC_ROOT_CLASS = YES_ERROR;
				CLANG_WARN_QUOTED_INCLUDE_IN_FRAMEWORK_HEADER = YES;
				CLANG_WARN_RANGE_LOOP_ANALYSIS = YES;
				CLANG_WARN_STRICT_PROTOTYPES = YES;
				CLANG_WARN_SUSPICIOUS_MOVE = YES;
				CLANG_WARN_UNGUARDED_AVAILABILITY = YES_AGGRESSIVE;
				CLANG_WARN_UNREACHABLE_CODE = YES;
				CLANG_WARN__DUPLICATE_METHOD_MATCH = YES;
				COPY_PHASE_STRIP = NO;
				DEBUG_INFORMATION_FORMAT = "dwarf-with-dsym";
				ENABLE_NS_ASSERTIONS = NO;
				ENABLE_STRICT_OBJC_MSGSEND = YES;
				GCC_C_LANGUAGE_STANDARD = gnu11;
				GCC_NO_COMMON_BLOCKS = YES;
				GCC_WARN_64_TO_32_BIT_CONVERSION = YES;
				GCC_WARN_ABOUT_RETURN_TYPE = YES_ERROR;
				GCC_WARN_UNDECLARED_SELECTOR = YES;
				GCC_WARN_UNINITIALIZED_AUTOS = YES_AGGRESSIVE;
				GCC_WARN_UNUSED_FUNCTION = YES;
				GCC_WARN_UNUSED_VARIABLE = YES;
				IPHONEOS_DEPLOYMENT_TARGET = 16.4;
				MTL_ENABLE_DEBUG_INFO = NO;
				MTL_FAST_MATH = YES;
				SDKROOT = iphoneos;
				SWIFT_COMPILATION_MODE = wholemodule;
				SWIFT_OPTIMIZATION_LEVEL = "-O";
				VALIDATE_PRODUCT = YES;
			};
			name = Release;
		};
		B5E9C0032AE59AAA007FFCBE /* Debug */ = {
			isa = XCBuildConfiguration;
			buildSettings = {
				ASSETCATALOG_COMPILER_APPICON_NAME = AppIcon;
				ASSETCATALOG_COMPILER_GLOBAL_ACCENT_COLOR_NAME = AccentColor;
				CODE_SIGN_STYLE = Automatic;
				CURRENT_PROJECT_VERSION = 1;
				DEVELOPMENT_TEAM = XSFWJACHHY;
				GENERATE_INFOPLIST_FILE = YES;
				INFOPLIST_FILE = "Assignment-11-iOS14/Info.plist";
				INFOPLIST_KEY_UIApplicationSupportsIndirectInputEvents = YES;
				INFOPLIST_KEY_UILaunchStoryboardName = LaunchScreen;
				INFOPLIST_KEY_UIMainStoryboardFile = Main;
				INFOPLIST_KEY_UISupportedInterfaceOrientations_iPad = "UIInterfaceOrientationPortrait UIInterfaceOrientationPortraitUpsideDown UIInterfaceOrientationLandscapeLeft UIInterfaceOrientationLandscapeRight";
				INFOPLIST_KEY_UISupportedInterfaceOrientations_iPhone = "UIInterfaceOrientationPortrait UIInterfaceOrientationLandscapeLeft UIInterfaceOrientationLandscapeRight";
				IPHONEOS_DEPLOYMENT_TARGET = 16.0;
				LD_RUNPATH_SEARCH_PATHS = (
					"$(inherited)",
					"@executable_path/Frameworks",
				);
				MARKETING_VERSION = 1.0;
				PRODUCT_BUNDLE_IDENTIFIER = "com.ekakelenjeridze.Assignment-11-iOS14";
				PRODUCT_NAME = "$(TARGET_NAME)";
				SWIFT_EMIT_LOC_STRINGS = YES;
				SWIFT_VERSION = 5.0;
				TARGETED_DEVICE_FAMILY = "1,2";
			};
			name = Debug;
		};
		B5E9C0042AE59AAA007FFCBE /* Release */ = {
			isa = XCBuildConfiguration;
			buildSettings = {
				ASSETCATALOG_COMPILER_APPICON_NAME = AppIcon;
				ASSETCATALOG_COMPILER_GLOBAL_ACCENT_COLOR_NAME = AccentColor;
				CODE_SIGN_STYLE = Automatic;
				CURRENT_PROJECT_VERSION = 1;
				DEVELOPMENT_TEAM = XSFWJACHHY;
				GENERATE_INFOPLIST_FILE = YES;
				INFOPLIST_FILE = "Assignment-11-iOS14/Info.plist";
				INFOPLIST_KEY_UIApplicationSupportsIndirectInputEvents = YES;
				INFOPLIST_KEY_UILaunchStoryboardName = LaunchScreen;
				INFOPLIST_KEY_UIMainStoryboardFile = Main;
				INFOPLIST_KEY_UISupportedInterfaceOrientations_iPad = "UIInterfaceOrientationPortrait UIInterfaceOrientationPortraitUpsideDown UIInterfaceOrientationLandscapeLeft UIInterfaceOrientationLandscapeRight";
				INFOPLIST_KEY_UISupportedInterfaceOrientations_iPhone = "UIInterfaceOrientationPortrait UIInterfaceOrientationLandscapeLeft UIInterfaceOrientationLandscapeRight";
				IPHONEOS_DEPLOYMENT_TARGET = 16.0;
				LD_RUNPATH_SEARCH_PATHS = (
					"$(inherited)",
					"@executable_path/Frameworks",
				);
				MARKETING_VERSION = 1.0;
				PRODUCT_BUNDLE_IDENTIFIER = "com.ekakelenjeridze.Assignment-11-iOS14";
				PRODUCT_NAME = "$(TARGET_NAME)";
				SWIFT_EMIT_LOC_STRINGS = YES;
				SWIFT_VERSION = 5.0;
				TARGETED_DEVICE_FAMILY = "1,2";
			};
			name = Release;
		};
/* End XCBuildConfiguration section */

/* Begin XCConfigurationList section */
		B5E9BFE92AE59AA8007FFCBE /* Build configuration list for PBXProject "Assignment-11-iOS14" */ = {
			isa = XCConfigurationList;
			buildConfigurations = (
				B5E9C0002AE59AAA007FFCBE /* Debug */,
				B5E9C0012AE59AAA007FFCBE /* Release */,
			);
			defaultConfigurationIsVisible = 0;
			defaultConfigurationName = Release;
		};
		B5E9C0022AE59AAA007FFCBE /* Build configuration list for PBXNativeTarget "Assignment-11-iOS14" */ = {
			isa = XCConfigurationList;
			buildConfigurations = (
				B5E9C0032AE59AAA007FFCBE /* Debug */,
				B5E9C0042AE59AAA007FFCBE /* Release */,
			);
			defaultConfigurationIsVisible = 0;
			defaultConfigurationName = Release;
		};
/* End XCConfigurationList section */
	};
	rootObject = B5E9BFE62AE59AA8007FFCBE /* Project object */;
}
